
Microsoft Visual Studio Solution File, Format Version 12.00
# Visual Studio 2015
Project("{FAE04EC0-301F-11D3-BF4B-00C04F79EFBC}") = "HackYou_v2.CSharp.Plugins", "HackYou_v2.CSharp.Plugins.csproj", "{7E2A2472-0224-B347-9903-911B3AABC71D}"
EndProject
Project("{FAE04EC0-301F-11D3-BF4B-00C04F79EFBC}") = "HackYou_v2.CSharp", "HackYou_v2.CSharp.csproj", "{3D209ED5-E280-2CC7-7F7D-AE4357F6987D}"
EndProject
Project("{FAE04EC0-301F-11D3-BF4B-00C04F79EFBC}") = "HackYou_v2.CSharp.Editor", "HackYou_v2.CSharp.Editor.csproj", "{59CC05C6-EDD1-4776-2C08-BE5B1EF38347}"
EndProject
Global
	GlobalSection(SolutionConfigurationPlatforms) = preSolution
		Debug|Any CPU = Debug|Any CPU
		Release|Any CPU = Release|Any CPU
	EndGlobalSection
	GlobalSection(ProjectConfigurationPlatforms) = postSolution
		{7E2A2472-0224-B347-9903-911B3AABC71D}.Debug|Any CPU.ActiveCfg = Debug|Any CPU
		{7E2A2472-0224-B347-9903-911B3AABC71D}.Debug|Any CPU.Build.0 = Debug|Any CPU
		{7E2A2472-0224-B347-9903-911B3AABC71D}.Release|Any CPU.ActiveCfg = Release|Any CPU
		{7E2A2472-0224-B347-9903-911B3AABC71D}.Release|Any CPU.Build.0 = Release|Any CPU
		{3D209ED5-E280-2CC7-7F7D-AE4357F6987D}.Debug|Any CPU.ActiveCfg = Debug|Any CPU
		{3D209ED5-E280-2CC7-7F7D-AE4357F6987D}.Debug|Any CPU.Build.0 = Debug|Any CPU
		{3D209ED5-E280-2CC7-7F7D-AE4357F6987D}.Release|Any CPU.ActiveCfg = Release|Any CPU
		{3D209ED5-E280-2CC7-7F7D-AE4357F6987D}.Release|Any CPU.Build.0 = Release|Any CPU
		{59CC05C6-EDD1-4776-2C08-BE5B1EF38347}.Debug|Any CPU.ActiveCfg = Debug|Any CPU
		{59CC05C6-EDD1-4776-2C08-BE5B1EF38347}.Debug|Any CPU.Build.0 = Debug|Any CPU
		{59CC05C6-EDD1-4776-2C08-BE5B1EF38347}.Release|Any CPU.ActiveCfg = Release|Any CPU
		{59CC05C6-EDD1-4776-2C08-BE5B1EF38347}.Release|Any CPU.Build.0 = Release|Any CPU
	EndGlobalSection
	GlobalSection(SolutionProperties) = preSolution
		HideSolutionNode = FALSE
	EndGlobalSection
EndGlobal
